// !$*UTF8*$!
{
	archiveVersion = 1;
	classes = {
	};
	objectVersion = 56;
	objects = {

/* Begin PBXBuildFile section */
		F332F0192B4C599000F0CDD0 /* UMC_iOSApp.swift in Sources */ = {isa = PBXBuildFile; fileRef = F332F0182B4C599000F0CDD0 /* UMC_iOSApp.swift */; };
		F332F01B2B4C599000F0CDD0 /* ContentView.swift in Sources */ = {isa = PBXBuildFile; fileRef = F332F01A2B4C599000F0CDD0 /* ContentView.swift */; };
		F332F01D2B4C599100F0CDD0 /* Assets.xcassets in Resources */ = {isa = PBXBuildFile; fileRef = F332F01C2B4C599100F0CDD0 /* Assets.xcassets */; };
		F332F0202B4C599100F0CDD0 /* Preview Assets.xcassets in Resources */ = {isa = PBXBuildFile; fileRef = F332F01F2B4C599100F0CDD0 /* Preview Assets.xcassets */; };
		F332F02A2B4C599100F0CDD0 /* UMC_iOSTests.swift in Sources */ = {isa = PBXBuildFile; fileRef = F332F0292B4C599100F0CDD0 /* UMC_iOSTests.swift */; };
		F332F0342B4C599100F0CDD0 /* UMC_iOSUITests.swift in Sources */ = {isa = PBXBuildFile; fileRef = F332F0332B4C599100F0CDD0 /* UMC_iOSUITests.swift */; };
		F332F0362B4C599100F0CDD0 /* UMC_iOSUITestsLaunchTests.swift in Sources */ = {isa = PBXBuildFile; fileRef = F332F0352B4C599100F0CDD0 /* UMC_iOSUITestsLaunchTests.swift */; };
		F332F04A2B4C5A2E00F0CDD0 /* DummyUtilView.swift in Sources */ = {isa = PBXBuildFile; fileRef = F332F0492B4C5A2E00F0CDD0 /* DummyUtilView.swift */; };
		F332F04D2B4C5A4000F0CDD0 /* ContentViewModel.swift in Sources */ = {isa = PBXBuildFile; fileRef = F332F04C2B4C5A4000F0CDD0 /* ContentViewModel.swift */; };
		F332F0502B4C5A5800F0CDD0 /* Extension+View.swift in Sources */ = {isa = PBXBuildFile; fileRef = F332F04F2B4C5A5800F0CDD0 /* Extension+View.swift */; };
		F332F0552B4C5A7D00F0CDD0 /* Member.swift in Sources */ = {isa = PBXBuildFile; fileRef = F332F0542B4C5A7D00F0CDD0 /* Member.swift */; };
		F332F05A2B4C5AB600F0CDD0 /* MemberRequestDTO.swift in Sources */ = {isa = PBXBuildFile; fileRef = F332F0592B4C5AB600F0CDD0 /* MemberRequestDTO.swift */; };
		F332F05C2B4C5AC200F0CDD0 /* MemberResponseDTO.swift in Sources */ = {isa = PBXBuildFile; fileRef = F332F05B2B4C5AC200F0CDD0 /* MemberResponseDTO.swift */; };
		F332F05E2B4C5AD000F0CDD0 /* APiEndpoints.swift in Sources */ = {isa = PBXBuildFile; fileRef = F332F05D2B4C5AD000F0CDD0 /* APiEndpoints.swift */; };
		F332F0622B4C5AF800F0CDD0 /* DummyResponseRepository.swift in Sources */ = {isa = PBXBuildFile; fileRef = F332F0612B4C5AF800F0CDD0 /* DummyResponseRepository.swift */; };
		F391AD8A2B6E2FD5006ECF1D /* ToDoEditSheet.swift in Sources */ = {isa = PBXBuildFile; fileRef = F391AD822B6E2FD5006ECF1D /* ToDoEditSheet.swift */; };
		F391AD8B2B6E2FD5006ECF1D /* ToDoListUI.swift in Sources */ = {isa = PBXBuildFile; fileRef = F391AD832B6E2FD5006ECF1D /* ToDoListUI.swift */; };
		F391AD8C2B6E2FD5006ECF1D /* ToDoEditSecondActionSheet.swift in Sources */ = {isa = PBXBuildFile; fileRef = F391AD842B6E2FD5006ECF1D /* ToDoEditSecondActionSheet.swift */; };
		F391AD8D2B6E2FD5006ECF1D /* ToDoDate.swift in Sources */ = {isa = PBXBuildFile; fileRef = F391AD852B6E2FD5006ECF1D /* ToDoDate.swift */; };
		F391AD8E2B6E2FD5006ECF1D /* ToDoList.swift in Sources */ = {isa = PBXBuildFile; fileRef = F391AD862B6E2FD5006ECF1D /* ToDoList.swift */; };
		F391AD8F2B6E2FD5006ECF1D /* ToDoListAdd.swift in Sources */ = {isa = PBXBuildFile; fileRef = F391AD872B6E2FD5006ECF1D /* ToDoListAdd.swift */; };
		F391AD902B6E2FD5006ECF1D /* ToDoListCell.swift in Sources */ = {isa = PBXBuildFile; fileRef = F391AD882B6E2FD5006ECF1D /* ToDoListCell.swift */; };
		F391AD912B6E2FD5006ECF1D /* ToDoEditFirstActionSheet.swift in Sources */ = {isa = PBXBuildFile; fileRef = F391AD892B6E2FD5006ECF1D /* ToDoEditFirstActionSheet.swift */; };
		F3CE1A7A2B6CEFCF00463130 /* SocialButtonSet.swift in Sources */ = {isa = PBXBuildFile; fileRef = F3CE1A792B6CEFCF00463130 /* SocialButtonSet.swift */; };
		F3CE1A822B6CF29700463130 /* UserProfileEdit.swift in Sources */ = {isa = PBXBuildFile; fileRef = F3CE1A812B6CF29700463130 /* UserProfileEdit.swift */; };
		F3CE1A842B6CF2D900463130 /* UserProfileView.swift in Sources */ = {isa = PBXBuildFile; fileRef = F3CE1A832B6CF2D900463130 /* UserProfileView.swift */; };
		F3CE1AAB2B6D0D5B00463130 /* LoginView.swift in Sources */ = {isa = PBXBuildFile; fileRef = F3CE1AAA2B6D0D5B00463130 /* LoginView.swift */; };
		F3CE1ABD2B6D0D7000463130 /* SelectUniv.swift in Sources */ = {isa = PBXBuildFile; fileRef = F3CE1AAD2B6D0D7000463130 /* SelectUniv.swift */; };
		F3CE1ABE2B6D0D7000463130 /* JoinAgreement.swift in Sources */ = {isa = PBXBuildFile; fileRef = F3CE1AAE2B6D0D7000463130 /* JoinAgreement.swift */; };
		F3CE1ABF2B6D0D7000463130 /* SelectGeneration.swift in Sources */ = {isa = PBXBuildFile; fileRef = F3CE1AAF2B6D0D7000463130 /* SelectGeneration.swift */; };
		F3CE1AC02B6D0D7000463130 /* JoinCode.swift in Sources */ = {isa = PBXBuildFile; fileRef = F3CE1AB02B6D0D7000463130 /* JoinCode.swift */; };
		F3CE1AC12B6D0D7000463130 /* JoinName.swift in Sources */ = {isa = PBXBuildFile; fileRef = F3CE1AB12B6D0D7000463130 /* JoinName.swift */; };
		F3CE1AC22B6D0D7000463130 /* SelectParts.swift in Sources */ = {isa = PBXBuildFile; fileRef = F3CE1AB22B6D0D7000463130 /* SelectParts.swift */; };
		F3CE1AC32B6D0D7000463130 /* SelectPosition.swift in Sources */ = {isa = PBXBuildFile; fileRef = F3CE1AB32B6D0D7000463130 /* SelectPosition.swift */; };
		F3CE1AC42B6D0D7000463130 /* JoinNickname.swift in Sources */ = {isa = PBXBuildFile; fileRef = F3CE1AB42B6D0D7000463130 /* JoinNickname.swift */; };
		F3CE1AC52B6D0D7000463130 /* JoinViewModel.swift in Sources */ = {isa = PBXBuildFile; fileRef = F3CE1AB62B6D0D7000463130 /* JoinViewModel.swift */; };
		F3CE1AC62B6D0D7000463130 /* JoinAgreCircleCheckButton.swift in Sources */ = {isa = PBXBuildFile; fileRef = F3CE1AB82B6D0D7000463130 /* JoinAgreCircleCheckButton.swift */; };
		F3CE1AC82B6D0D7000463130 /* JoinNavigationButton.swift in Sources */ = {isa = PBXBuildFile; fileRef = F3CE1ABA2B6D0D7000463130 /* JoinNavigationButton.swift */; };
		F3CE1AC92B6D0D7000463130 /* JoinCircleBorderButton.swift in Sources */ = {isa = PBXBuildFile; fileRef = F3CE1ABB2B6D0D7000463130 /* JoinCircleBorderButton.swift */; };
		F3CE1ACA2B6D0D7000463130 /* JoinTextFieldStyle.swift in Sources */ = {isa = PBXBuildFile; fileRef = F3CE1ABC2B6D0D7000463130 /* JoinTextFieldStyle.swift */; };
		F3CE1B432B6D17D000463130 /* MainCalendarView.swift in Sources */ = {isa = PBXBuildFile; fileRef = F3CE1B392B6D17D000463130 /* MainCalendarView.swift */; };
		F3CE1B442B6D17D000463130 /* AnnouncementView.swift in Sources */ = {isa = PBXBuildFile; fileRef = F3CE1B3A2B6D17D000463130 /* AnnouncementView.swift */; };
		F3CE1B452B6D17D000463130 /* UserInformationView.swift in Sources */ = {isa = PBXBuildFile; fileRef = F3CE1B3B2B6D17D000463130 /* UserInformationView.swift */; };
		F3CE1B462B6D17D000463130 /* GitHubView.swift in Sources */ = {isa = PBXBuildFile; fileRef = F3CE1B3C2B6D17D000463130 /* GitHubView.swift */; };
		F3CE1B472B6D17D000463130 /* TodayILearnedView.swift in Sources */ = {isa = PBXBuildFile; fileRef = F3CE1B3D2B6D17D000463130 /* TodayILearnedView.swift */; };
		F3CE1B482B6D17D000463130 /* HomeView.swift in Sources */ = {isa = PBXBuildFile; fileRef = F3CE1B3E2B6D17D000463130 /* HomeView.swift */; };
		F3CE1B492B6D17D000463130 /* MascotView.swift in Sources */ = {isa = PBXBuildFile; fileRef = F3CE1B3F2B6D17D000463130 /* MascotView.swift */; };
		F3CE1B4A2B6D17D000463130 /* ToDoListView.swift in Sources */ = {isa = PBXBuildFile; fileRef = F3CE1B402B6D17D000463130 /* ToDoListView.swift */; };
		F3CE1B4B2B6D17D000463130 /* HomeNavigationBarView.swift in Sources */ = {isa = PBXBuildFile; fileRef = F3CE1B412B6D17D000463130 /* HomeNavigationBarView.swift */; };
		F3CE1B4C2B6D17D000463130 /* RankView.swift in Sources */ = {isa = PBXBuildFile; fileRef = F3CE1B422B6D17D000463130 /* RankView.swift */; };
		F3CE1B4F2B6D185900463130 /* HomeViewModel.swift in Sources */ = {isa = PBXBuildFile; fileRef = F3CE1B4E2B6D185900463130 /* HomeViewModel.swift */; };
		F3CE1B532B6D189000463130 /* AnnouncementInfo.swift in Sources */ = {isa = PBXBuildFile; fileRef = F3CE1B502B6D189000463130 /* AnnouncementInfo.swift */; };
		F3CE1B542B6D189000463130 /* CalendarTask.swift in Sources */ = {isa = PBXBuildFile; fileRef = F3CE1B512B6D189000463130 /* CalendarTask.swift */; };
		F3CE1B552B6D189000463130 /* DateValue.swift in Sources */ = {isa = PBXBuildFile; fileRef = F3CE1B522B6D189000463130 /* DateValue.swift */; };
		F3CE1B582B6D1B1A00463130 /* PopupView in Frameworks */ = {isa = PBXBuildFile; productRef = F3CE1B572B6D1B1A00463130 /* PopupView */; };
		F3CE1B6E2B6D206300463130 /* HistorySearchBarView.swift in Sources */ = {isa = PBXBuildFile; fileRef = F3CE1B5D2B6D206300463130 /* HistorySearchBarView.swift */; };
		F3CE1B6F2B6D206300463130 /* ProjectTypeButtonView.swift in Sources */ = {isa = PBXBuildFile; fileRef = F3CE1B5E2B6D206300463130 /* ProjectTypeButtonView.swift */; };
		F3CE1B702B6D206300463130 /* HistoryProjectView.swift in Sources */ = {isa = PBXBuildFile; fileRef = F3CE1B5F2B6D206300463130 /* HistoryProjectView.swift */; };
		F3CE1B712B6D206300463130 /* HistoryView.swift in Sources */ = {isa = PBXBuildFile; fileRef = F3CE1B602B6D206300463130 /* HistoryView.swift */; };
		F3CE1B722B6D206300463130 /* HistoryProjectListView.swift in Sources */ = {isa = PBXBuildFile; fileRef = F3CE1B612B6D206300463130 /* HistoryProjectListView.swift */; };
		F3CE1B732B6D206300463130 /* HotProjectView.swift in Sources */ = {isa = PBXBuildFile; fileRef = F3CE1B622B6D206300463130 /* HotProjectView.swift */; };
		F3CE1B742B6D206300463130 /* HistorySearchView.swift in Sources */ = {isa = PBXBuildFile; fileRef = F3CE1B642B6D206300463130 /* HistorySearchView.swift */; };
		F3CE1B752B6D206300463130 /* HistoryRegisterView.swift in Sources */ = {isa = PBXBuildFile; fileRef = F3CE1B662B6D206300463130 /* HistoryRegisterView.swift */; };
		F3CE1B762B6D206300463130 /* HistoryRegisterNavigationBarView.swift in Sources */ = {isa = PBXBuildFile; fileRef = F3CE1B672B6D206300463130 /* HistoryRegisterNavigationBarView.swift */; };
		F3CE1B772B6D206300463130 /* ProjectIconRegisterView.swift in Sources */ = {isa = PBXBuildFile; fileRef = F3CE1B682B6D206300463130 /* ProjectIconRegisterView.swift */; };
		F3CE1B782B6D206300463130 /* ProjectClassificationView.swift in Sources */ = {isa = PBXBuildFile; fileRef = F3CE1B692B6D206300463130 /* ProjectClassificationView.swift */; };
		F3CE1B792B6D206300463130 /* ProjectHashtagRegisterView.swift in Sources */ = {isa = PBXBuildFile; fileRef = F3CE1B6A2B6D206300463130 /* ProjectHashtagRegisterView.swift */; };
		F3CE1B7A2B6D206300463130 /* ProjectCardinalNumberView.swift in Sources */ = {isa = PBXBuildFile; fileRef = F3CE1B6B2B6D206300463130 /* ProjectCardinalNumberView.swift */; };
		F3CE1B7B2B6D206300463130 /* ProjectInformationRegisterView.swift in Sources */ = {isa = PBXBuildFile; fileRef = F3CE1B6C2B6D206300463130 /* ProjectInformationRegisterView.swift */; };
		F3CE1B7C2B6D206300463130 /* ProjectNameRegisterView.swift in Sources */ = {isa = PBXBuildFile; fileRef = F3CE1B6D2B6D206300463130 /* ProjectNameRegisterView.swift */; };
		F3CE1BB52B6D392D00463130 /* ManagerSetting.swift in Sources */ = {isa = PBXBuildFile; fileRef = F3CE1BB12B6D392D00463130 /* ManagerSetting.swift */; };
		F3CE1BB62B6D392D00463130 /* ManagerCalender.swift in Sources */ = {isa = PBXBuildFile; fileRef = F3CE1BB22B6D392D00463130 /* ManagerCalender.swift */; };
		F3CE1BB72B6D392D00463130 /* ManagerPin.swift in Sources */ = {isa = PBXBuildFile; fileRef = F3CE1BB32B6D392D00463130 /* ManagerPin.swift */; };
		F3CE1BB82B6D392D00463130 /* ManagerInfo.swift in Sources */ = {isa = PBXBuildFile; fileRef = F3CE1BB42B6D392D00463130 /* ManagerInfo.swift */; };
		F3CE1BBA2B6D393B00463130 /* GenerationPartViewModel.swift in Sources */ = {isa = PBXBuildFile; fileRef = F3CE1BB92B6D393B00463130 /* GenerationPartViewModel.swift */; };
		F3CE1BBC2B6D393E00463130 /* ManagerModel.swift in Sources */ = {isa = PBXBuildFile; fileRef = F3CE1BBB2B6D393E00463130 /* ManagerModel.swift */; };
		F3CE1BBF2B6D394C00463130 /* ManagerPinButton.swift in Sources */ = {isa = PBXBuildFile; fileRef = F3CE1BBE2B6D394C00463130 /* ManagerPinButton.swift */; };
		F3CE1BC52B6D395C00463130 /* CirclePlusButton.swift in Sources */ = {isa = PBXBuildFile; fileRef = F3CE1BC02B6D395C00463130 /* CirclePlusButton.swift */; };
		F3CE1BC62B6D395C00463130 /* CircleCheckButton.swift in Sources */ = {isa = PBXBuildFile; fileRef = F3CE1BC12B6D395C00463130 /* CircleCheckButton.swift */; };
		F3CE1BC72B6D395C00463130 /* DropDownPicker.swift in Sources */ = {isa = PBXBuildFile; fileRef = F3CE1BC22B6D395C00463130 /* DropDownPicker.swift */; };
		F3CE1BC82B6D395C00463130 /* SettingBackButton.swift in Sources */ = {isa = PBXBuildFile; fileRef = F3CE1BC32B6D395C00463130 /* SettingBackButton.swift */; };
		F3CE1BC92B6D395C00463130 /* CircleFillButton.swift in Sources */ = {isa = PBXBuildFile; fileRef = F3CE1BC42B6D395C00463130 /* CircleFillButton.swift */; };
/* End PBXBuildFile section */

/* Begin PBXContainerItemProxy section */
		F332F0262B4C599100F0CDD0 /* PBXContainerItemProxy */ = {
			isa = PBXContainerItemProxy;
			containerPortal = F332F00D2B4C599000F0CDD0 /* Project object */;
			proxyType = 1;
			remoteGlobalIDString = F332F0142B4C599000F0CDD0;
			remoteInfo = "UMC-iOS";
		};
		F332F0302B4C599100F0CDD0 /* PBXContainerItemProxy */ = {
			isa = PBXContainerItemProxy;
			containerPortal = F332F00D2B4C599000F0CDD0 /* Project object */;
			proxyType = 1;
			remoteGlobalIDString = F332F0142B4C599000F0CDD0;
			remoteInfo = "UMC-iOS";
		};
/* End PBXContainerItemProxy section */

/* Begin PBXFileReference section */
		F332F0152B4C599000F0CDD0 /* UMC-iOS.app */ = {isa = PBXFileReference; explicitFileType = wrapper.application; includeInIndex = 0; path = "UMC-iOS.app"; sourceTree = BUILT_PRODUCTS_DIR; };
		F332F0182B4C599000F0CDD0 /* UMC_iOSApp.swift */ = {isa = PBXFileReference; lastKnownFileType = sourcecode.swift; path = UMC_iOSApp.swift; sourceTree = "<group>"; };
		F332F01A2B4C599000F0CDD0 /* ContentView.swift */ = {isa = PBXFileReference; lastKnownFileType = sourcecode.swift; path = ContentView.swift; sourceTree = "<group>"; };
		F332F01C2B4C599100F0CDD0 /* Assets.xcassets */ = {isa = PBXFileReference; lastKnownFileType = folder.assetcatalog; path = Assets.xcassets; sourceTree = "<group>"; };
		F332F01F2B4C599100F0CDD0 /* Preview Assets.xcassets */ = {isa = PBXFileReference; lastKnownFileType = folder.assetcatalog; path = "Preview Assets.xcassets"; sourceTree = "<group>"; };
		F332F0252B4C599100F0CDD0 /* UMC-iOSTests.xctest */ = {isa = PBXFileReference; explicitFileType = wrapper.cfbundle; includeInIndex = 0; path = "UMC-iOSTests.xctest"; sourceTree = BUILT_PRODUCTS_DIR; };
		F332F0292B4C599100F0CDD0 /* UMC_iOSTests.swift */ = {isa = PBXFileReference; lastKnownFileType = sourcecode.swift; path = UMC_iOSTests.swift; sourceTree = "<group>"; };
		F332F02F2B4C599100F0CDD0 /* UMC-iOSUITests.xctest */ = {isa = PBXFileReference; explicitFileType = wrapper.cfbundle; includeInIndex = 0; path = "UMC-iOSUITests.xctest"; sourceTree = BUILT_PRODUCTS_DIR; };
		F332F0332B4C599100F0CDD0 /* UMC_iOSUITests.swift */ = {isa = PBXFileReference; lastKnownFileType = sourcecode.swift; path = UMC_iOSUITests.swift; sourceTree = "<group>"; };
		F332F0352B4C599100F0CDD0 /* UMC_iOSUITestsLaunchTests.swift */ = {isa = PBXFileReference; lastKnownFileType = sourcecode.swift; path = UMC_iOSUITestsLaunchTests.swift; sourceTree = "<group>"; };
		F332F0492B4C5A2E00F0CDD0 /* DummyUtilView.swift */ = {isa = PBXFileReference; lastKnownFileType = sourcecode.swift; path = DummyUtilView.swift; sourceTree = "<group>"; };
		F332F04C2B4C5A4000F0CDD0 /* ContentViewModel.swift */ = {isa = PBXFileReference; lastKnownFileType = sourcecode.swift; path = ContentViewModel.swift; sourceTree = "<group>"; };
		F332F04F2B4C5A5800F0CDD0 /* Extension+View.swift */ = {isa = PBXFileReference; lastKnownFileType = sourcecode.swift; path = "Extension+View.swift"; sourceTree = "<group>"; };
		F332F0542B4C5A7D00F0CDD0 /* Member.swift */ = {isa = PBXFileReference; lastKnownFileType = sourcecode.swift; path = Member.swift; sourceTree = "<group>"; };
		F332F0592B4C5AB600F0CDD0 /* MemberRequestDTO.swift */ = {isa = PBXFileReference; lastKnownFileType = sourcecode.swift; path = MemberRequestDTO.swift; sourceTree = "<group>"; };
		F332F05B2B4C5AC200F0CDD0 /* MemberResponseDTO.swift */ = {isa = PBXFileReference; lastKnownFileType = sourcecode.swift; path = MemberResponseDTO.swift; sourceTree = "<group>"; };
		F332F05D2B4C5AD000F0CDD0 /* APiEndpoints.swift */ = {isa = PBXFileReference; lastKnownFileType = sourcecode.swift; path = APiEndpoints.swift; sourceTree = "<group>"; };
		F332F0612B4C5AF800F0CDD0 /* DummyResponseRepository.swift */ = {isa = PBXFileReference; lastKnownFileType = sourcecode.swift; path = DummyResponseRepository.swift; sourceTree = "<group>"; };
		F391AD822B6E2FD5006ECF1D /* ToDoEditSheet.swift */ = {isa = PBXFileReference; fileEncoding = 4; lastKnownFileType = sourcecode.swift; path = ToDoEditSheet.swift; sourceTree = "<group>"; };
		F391AD832B6E2FD5006ECF1D /* ToDoListUI.swift */ = {isa = PBXFileReference; fileEncoding = 4; lastKnownFileType = sourcecode.swift; path = ToDoListUI.swift; sourceTree = "<group>"; };
		F391AD842B6E2FD5006ECF1D /* ToDoEditSecondActionSheet.swift */ = {isa = PBXFileReference; fileEncoding = 4; lastKnownFileType = sourcecode.swift; path = ToDoEditSecondActionSheet.swift; sourceTree = "<group>"; };
		F391AD852B6E2FD5006ECF1D /* ToDoDate.swift */ = {isa = PBXFileReference; fileEncoding = 4; lastKnownFileType = sourcecode.swift; path = ToDoDate.swift; sourceTree = "<group>"; };
		F391AD862B6E2FD5006ECF1D /* ToDoList.swift */ = {isa = PBXFileReference; fileEncoding = 4; lastKnownFileType = sourcecode.swift; path = ToDoList.swift; sourceTree = "<group>"; };
		F391AD872B6E2FD5006ECF1D /* ToDoListAdd.swift */ = {isa = PBXFileReference; fileEncoding = 4; lastKnownFileType = sourcecode.swift; path = ToDoListAdd.swift; sourceTree = "<group>"; };
		F391AD882B6E2FD5006ECF1D /* ToDoListCell.swift */ = {isa = PBXFileReference; fileEncoding = 4; lastKnownFileType = sourcecode.swift; path = ToDoListCell.swift; sourceTree = "<group>"; };
		F391AD892B6E2FD5006ECF1D /* ToDoEditFirstActionSheet.swift */ = {isa = PBXFileReference; fileEncoding = 4; lastKnownFileType = sourcecode.swift; path = ToDoEditFirstActionSheet.swift; sourceTree = "<group>"; };
		F3CE1A792B6CEFCF00463130 /* SocialButtonSet.swift */ = {isa = PBXFileReference; lastKnownFileType = sourcecode.swift; path = SocialButtonSet.swift; sourceTree = "<group>"; };
		F3CE1A812B6CF29700463130 /* UserProfileEdit.swift */ = {isa = PBXFileReference; lastKnownFileType = sourcecode.swift; path = UserProfileEdit.swift; sourceTree = "<group>"; };
		F3CE1A832B6CF2D900463130 /* UserProfileView.swift */ = {isa = PBXFileReference; lastKnownFileType = sourcecode.swift; path = UserProfileView.swift; sourceTree = "<group>"; };
		F3CE1AAA2B6D0D5B00463130 /* LoginView.swift */ = {isa = PBXFileReference; fileEncoding = 4; lastKnownFileType = sourcecode.swift; name = LoginView.swift; path = "../../../../../../temp/iOS temp/SocialLogin/UMC-iOS/UMC-iOS/Presentation/Login/LoginView.swift"; sourceTree = "<group>"; };
		F3CE1AAD2B6D0D7000463130 /* SelectUniv.swift */ = {isa = PBXFileReference; fileEncoding = 4; lastKnownFileType = sourcecode.swift; path = SelectUniv.swift; sourceTree = "<group>"; };
		F3CE1AAE2B6D0D7000463130 /* JoinAgreement.swift */ = {isa = PBXFileReference; fileEncoding = 4; lastKnownFileType = sourcecode.swift; path = JoinAgreement.swift; sourceTree = "<group>"; };
		F3CE1AAF2B6D0D7000463130 /* SelectGeneration.swift */ = {isa = PBXFileReference; fileEncoding = 4; lastKnownFileType = sourcecode.swift; path = SelectGeneration.swift; sourceTree = "<group>"; };
		F3CE1AB02B6D0D7000463130 /* JoinCode.swift */ = {isa = PBXFileReference; fileEncoding = 4; lastKnownFileType = sourcecode.swift; path = JoinCode.swift; sourceTree = "<group>"; };
		F3CE1AB12B6D0D7000463130 /* JoinName.swift */ = {isa = PBXFileReference; fileEncoding = 4; lastKnownFileType = sourcecode.swift; path = JoinName.swift; sourceTree = "<group>"; };
		F3CE1AB22B6D0D7000463130 /* SelectParts.swift */ = {isa = PBXFileReference; fileEncoding = 4; lastKnownFileType = sourcecode.swift; path = SelectParts.swift; sourceTree = "<group>"; };
		F3CE1AB32B6D0D7000463130 /* SelectPosition.swift */ = {isa = PBXFileReference; fileEncoding = 4; lastKnownFileType = sourcecode.swift; path = SelectPosition.swift; sourceTree = "<group>"; };
		F3CE1AB42B6D0D7000463130 /* JoinNickname.swift */ = {isa = PBXFileReference; fileEncoding = 4; lastKnownFileType = sourcecode.swift; path = JoinNickname.swift; sourceTree = "<group>"; };
		F3CE1AB62B6D0D7000463130 /* JoinViewModel.swift */ = {isa = PBXFileReference; fileEncoding = 4; lastKnownFileType = sourcecode.swift; path = JoinViewModel.swift; sourceTree = "<group>"; };
		F3CE1AB82B6D0D7000463130 /* JoinAgreCircleCheckButton.swift */ = {isa = PBXFileReference; fileEncoding = 4; lastKnownFileType = sourcecode.swift; path = JoinAgreCircleCheckButton.swift; sourceTree = "<group>"; };
		F3CE1ABA2B6D0D7000463130 /* JoinNavigationButton.swift */ = {isa = PBXFileReference; fileEncoding = 4; lastKnownFileType = sourcecode.swift; path = JoinNavigationButton.swift; sourceTree = "<group>"; };
		F3CE1ABB2B6D0D7000463130 /* JoinCircleBorderButton.swift */ = {isa = PBXFileReference; fileEncoding = 4; lastKnownFileType = sourcecode.swift; path = JoinCircleBorderButton.swift; sourceTree = "<group>"; };
		F3CE1ABC2B6D0D7000463130 /* JoinTextFieldStyle.swift */ = {isa = PBXFileReference; fileEncoding = 4; lastKnownFileType = sourcecode.swift; path = JoinTextFieldStyle.swift; sourceTree = "<group>"; };
		F3CE1B392B6D17D000463130 /* MainCalendarView.swift */ = {isa = PBXFileReference; fileEncoding = 4; lastKnownFileType = sourcecode.swift; path = MainCalendarView.swift; sourceTree = "<group>"; };
		F3CE1B3A2B6D17D000463130 /* AnnouncementView.swift */ = {isa = PBXFileReference; fileEncoding = 4; lastKnownFileType = sourcecode.swift; path = AnnouncementView.swift; sourceTree = "<group>"; };
		F3CE1B3B2B6D17D000463130 /* UserInformationView.swift */ = {isa = PBXFileReference; fileEncoding = 4; lastKnownFileType = sourcecode.swift; path = UserInformationView.swift; sourceTree = "<group>"; };
		F3CE1B3C2B6D17D000463130 /* GitHubView.swift */ = {isa = PBXFileReference; fileEncoding = 4; lastKnownFileType = sourcecode.swift; path = GitHubView.swift; sourceTree = "<group>"; };
		F3CE1B3D2B6D17D000463130 /* TodayILearnedView.swift */ = {isa = PBXFileReference; fileEncoding = 4; lastKnownFileType = sourcecode.swift; path = TodayILearnedView.swift; sourceTree = "<group>"; };
		F3CE1B3E2B6D17D000463130 /* HomeView.swift */ = {isa = PBXFileReference; fileEncoding = 4; lastKnownFileType = sourcecode.swift; path = HomeView.swift; sourceTree = "<group>"; };
		F3CE1B3F2B6D17D000463130 /* MascotView.swift */ = {isa = PBXFileReference; fileEncoding = 4; lastKnownFileType = sourcecode.swift; path = MascotView.swift; sourceTree = "<group>"; };
		F3CE1B402B6D17D000463130 /* ToDoListView.swift */ = {isa = PBXFileReference; fileEncoding = 4; lastKnownFileType = sourcecode.swift; path = ToDoListView.swift; sourceTree = "<group>"; };
		F3CE1B412B6D17D000463130 /* HomeNavigationBarView.swift */ = {isa = PBXFileReference; fileEncoding = 4; lastKnownFileType = sourcecode.swift; path = HomeNavigationBarView.swift; sourceTree = "<group>"; };
		F3CE1B422B6D17D000463130 /* RankView.swift */ = {isa = PBXFileReference; fileEncoding = 4; lastKnownFileType = sourcecode.swift; path = RankView.swift; sourceTree = "<group>"; };
		F3CE1B4E2B6D185900463130 /* HomeViewModel.swift */ = {isa = PBXFileReference; fileEncoding = 4; lastKnownFileType = sourcecode.swift; path = HomeViewModel.swift; sourceTree = "<group>"; };
		F3CE1B502B6D189000463130 /* AnnouncementInfo.swift */ = {isa = PBXFileReference; fileEncoding = 4; lastKnownFileType = sourcecode.swift; path = AnnouncementInfo.swift; sourceTree = "<group>"; };
		F3CE1B512B6D189000463130 /* CalendarTask.swift */ = {isa = PBXFileReference; fileEncoding = 4; lastKnownFileType = sourcecode.swift; path = CalendarTask.swift; sourceTree = "<group>"; };
		F3CE1B522B6D189000463130 /* DateValue.swift */ = {isa = PBXFileReference; fileEncoding = 4; lastKnownFileType = sourcecode.swift; path = DateValue.swift; sourceTree = "<group>"; };
		F3CE1B5D2B6D206300463130 /* HistorySearchBarView.swift */ = {isa = PBXFileReference; fileEncoding = 4; lastKnownFileType = sourcecode.swift; path = HistorySearchBarView.swift; sourceTree = "<group>"; };
		F3CE1B5E2B6D206300463130 /* ProjectTypeButtonView.swift */ = {isa = PBXFileReference; fileEncoding = 4; lastKnownFileType = sourcecode.swift; path = ProjectTypeButtonView.swift; sourceTree = "<group>"; };
		F3CE1B5F2B6D206300463130 /* HistoryProjectView.swift */ = {isa = PBXFileReference; fileEncoding = 4; lastKnownFileType = sourcecode.swift; path = HistoryProjectView.swift; sourceTree = "<group>"; };
		F3CE1B602B6D206300463130 /* HistoryView.swift */ = {isa = PBXFileReference; fileEncoding = 4; lastKnownFileType = sourcecode.swift; path = HistoryView.swift; sourceTree = "<group>"; };
		F3CE1B612B6D206300463130 /* HistoryProjectListView.swift */ = {isa = PBXFileReference; fileEncoding = 4; lastKnownFileType = sourcecode.swift; path = HistoryProjectListView.swift; sourceTree = "<group>"; };
		F3CE1B622B6D206300463130 /* HotProjectView.swift */ = {isa = PBXFileReference; fileEncoding = 4; lastKnownFileType = sourcecode.swift; path = HotProjectView.swift; sourceTree = "<group>"; };
		F3CE1B642B6D206300463130 /* HistorySearchView.swift */ = {isa = PBXFileReference; fileEncoding = 4; lastKnownFileType = sourcecode.swift; path = HistorySearchView.swift; sourceTree = "<group>"; };
		F3CE1B662B6D206300463130 /* HistoryRegisterView.swift */ = {isa = PBXFileReference; fileEncoding = 4; lastKnownFileType = sourcecode.swift; path = HistoryRegisterView.swift; sourceTree = "<group>"; };
		F3CE1B672B6D206300463130 /* HistoryRegisterNavigationBarView.swift */ = {isa = PBXFileReference; fileEncoding = 4; lastKnownFileType = sourcecode.swift; path = HistoryRegisterNavigationBarView.swift; sourceTree = "<group>"; };
		F3CE1B682B6D206300463130 /* ProjectIconRegisterView.swift */ = {isa = PBXFileReference; fileEncoding = 4; lastKnownFileType = sourcecode.swift; path = ProjectIconRegisterView.swift; sourceTree = "<group>"; };
		F3CE1B692B6D206300463130 /* ProjectClassificationView.swift */ = {isa = PBXFileReference; fileEncoding = 4; lastKnownFileType = sourcecode.swift; path = ProjectClassificationView.swift; sourceTree = "<group>"; };
		F3CE1B6A2B6D206300463130 /* ProjectHashtagRegisterView.swift */ = {isa = PBXFileReference; fileEncoding = 4; lastKnownFileType = sourcecode.swift; path = ProjectHashtagRegisterView.swift; sourceTree = "<group>"; };
		F3CE1B6B2B6D206300463130 /* ProjectCardinalNumberView.swift */ = {isa = PBXFileReference; fileEncoding = 4; lastKnownFileType = sourcecode.swift; path = ProjectCardinalNumberView.swift; sourceTree = "<group>"; };
		F3CE1B6C2B6D206300463130 /* ProjectInformationRegisterView.swift */ = {isa = PBXFileReference; fileEncoding = 4; lastKnownFileType = sourcecode.swift; path = ProjectInformationRegisterView.swift; sourceTree = "<group>"; };
		F3CE1B6D2B6D206300463130 /* ProjectNameRegisterView.swift */ = {isa = PBXFileReference; fileEncoding = 4; lastKnownFileType = sourcecode.swift; path = ProjectNameRegisterView.swift; sourceTree = "<group>"; };
		F3CE1BB12B6D392D00463130 /* ManagerSetting.swift */ = {isa = PBXFileReference; fileEncoding = 4; lastKnownFileType = sourcecode.swift; path = ManagerSetting.swift; sourceTree = "<group>"; };
		F3CE1BB22B6D392D00463130 /* ManagerCalender.swift */ = {isa = PBXFileReference; fileEncoding = 4; lastKnownFileType = sourcecode.swift; path = ManagerCalender.swift; sourceTree = "<group>"; };
		F3CE1BB32B6D392D00463130 /* ManagerPin.swift */ = {isa = PBXFileReference; fileEncoding = 4; lastKnownFileType = sourcecode.swift; path = ManagerPin.swift; sourceTree = "<group>"; };
		F3CE1BB42B6D392D00463130 /* ManagerInfo.swift */ = {isa = PBXFileReference; fileEncoding = 4; lastKnownFileType = sourcecode.swift; path = ManagerInfo.swift; sourceTree = "<group>"; };
		F3CE1BB92B6D393B00463130 /* GenerationPartViewModel.swift */ = {isa = PBXFileReference; fileEncoding = 4; lastKnownFileType = sourcecode.swift; path = GenerationPartViewModel.swift; sourceTree = "<group>"; };
		F3CE1BBB2B6D393E00463130 /* ManagerModel.swift */ = {isa = PBXFileReference; fileEncoding = 4; lastKnownFileType = sourcecode.swift; path = ManagerModel.swift; sourceTree = "<group>"; };
		F3CE1BBE2B6D394C00463130 /* ManagerPinButton.swift */ = {isa = PBXFileReference; fileEncoding = 4; lastKnownFileType = sourcecode.swift; path = ManagerPinButton.swift; sourceTree = "<group>"; };
		F3CE1BC02B6D395C00463130 /* CirclePlusButton.swift */ = {isa = PBXFileReference; fileEncoding = 4; lastKnownFileType = sourcecode.swift; path = CirclePlusButton.swift; sourceTree = "<group>"; };
		F3CE1BC12B6D395C00463130 /* CircleCheckButton.swift */ = {isa = PBXFileReference; fileEncoding = 4; lastKnownFileType = sourcecode.swift; path = CircleCheckButton.swift; sourceTree = "<group>"; };
		F3CE1BC22B6D395C00463130 /* DropDownPicker.swift */ = {isa = PBXFileReference; fileEncoding = 4; lastKnownFileType = sourcecode.swift; path = DropDownPicker.swift; sourceTree = "<group>"; };
		F3CE1BC32B6D395C00463130 /* SettingBackButton.swift */ = {isa = PBXFileReference; fileEncoding = 4; lastKnownFileType = sourcecode.swift; path = SettingBackButton.swift; sourceTree = "<group>"; };
		F3CE1BC42B6D395C00463130 /* CircleFillButton.swift */ = {isa = PBXFileReference; fileEncoding = 4; lastKnownFileType = sourcecode.swift; path = CircleFillButton.swift; sourceTree = "<group>"; };
/* End PBXFileReference section */

/* Begin PBXFrameworksBuildPhase section */
		F332F0122B4C599000F0CDD0 /* Frameworks */ = {
			isa = PBXFrameworksBuildPhase;
			buildActionMask = 2147483647;
			files = (
				F3CE1B582B6D1B1A00463130 /* PopupView in Frameworks */,
			);
			runOnlyForDeploymentPostprocessing = 0;
		};
		F332F0222B4C599100F0CDD0 /* Frameworks */ = {
			isa = PBXFrameworksBuildPhase;
			buildActionMask = 2147483647;
			files = (
			);
			runOnlyForDeploymentPostprocessing = 0;
		};
		F332F02C2B4C599100F0CDD0 /* Frameworks */ = {
			isa = PBXFrameworksBuildPhase;
			buildActionMask = 2147483647;
			files = (
			);
			runOnlyForDeploymentPostprocessing = 0;
		};
/* End PBXFrameworksBuildPhase section */

/* Begin PBXGroup section */
		F332F00C2B4C599000F0CDD0 = {
			isa = PBXGroup;
			children = (
				F332F0172B4C599000F0CDD0 /* UMC-iOS */,
				F332F0282B4C599100F0CDD0 /* UMC-iOSTests */,
				F332F0322B4C599100F0CDD0 /* UMC-iOSUITests */,
				F332F0162B4C599000F0CDD0 /* Products */,
			);
			sourceTree = "<group>";
		};
		F332F0162B4C599000F0CDD0 /* Products */ = {
			isa = PBXGroup;
			children = (
				F332F0152B4C599000F0CDD0 /* UMC-iOS.app */,
				F332F0252B4C599100F0CDD0 /* UMC-iOSTests.xctest */,
				F332F02F2B4C599100F0CDD0 /* UMC-iOSUITests.xctest */,
			);
			name = Products;
			sourceTree = "<group>";
		};
		F332F0172B4C599000F0CDD0 /* UMC-iOS */ = {
			isa = PBXGroup;
			children = (
				F332F0562B4C5A8E00F0CDD0 /* Data */,
				F332F0512B4C5A6300F0CDD0 /* Domain */,
				F332F0442B4C59E000F0CDD0 /* Presentation */,
				F332F0432B4C59CB00F0CDD0 /* Resource */,
				F332F0422B4C599D00F0CDD0 /* App */,
				F332F01E2B4C599100F0CDD0 /* Preview Content */,
			);
			path = "UMC-iOS";
			sourceTree = "<group>";
		};
		F332F01E2B4C599100F0CDD0 /* Preview Content */ = {
			isa = PBXGroup;
			children = (
				F332F01F2B4C599100F0CDD0 /* Preview Assets.xcassets */,
			);
			path = "Preview Content";
			sourceTree = "<group>";
		};
		F332F0282B4C599100F0CDD0 /* UMC-iOSTests */ = {
			isa = PBXGroup;
			children = (
				F332F0292B4C599100F0CDD0 /* UMC_iOSTests.swift */,
			);
			path = "UMC-iOSTests";
			sourceTree = "<group>";
		};
		F332F0322B4C599100F0CDD0 /* UMC-iOSUITests */ = {
			isa = PBXGroup;
			children = (
				F332F0332B4C599100F0CDD0 /* UMC_iOSUITests.swift */,
				F332F0352B4C599100F0CDD0 /* UMC_iOSUITestsLaunchTests.swift */,
			);
			path = "UMC-iOSUITests";
			sourceTree = "<group>";
		};
		F332F0422B4C599D00F0CDD0 /* App */ = {
			isa = PBXGroup;
			children = (
				F332F0182B4C599000F0CDD0 /* UMC_iOSApp.swift */,
			);
			path = App;
			sourceTree = "<group>";
		};
		F332F0432B4C59CB00F0CDD0 /* Resource */ = {
			isa = PBXGroup;
			children = (
				F332F01C2B4C599100F0CDD0 /* Assets.xcassets */,
			);
			path = Resource;
			sourceTree = "<group>";
		};
		F332F0442B4C59E000F0CDD0 /* Presentation */ = {
			isa = PBXGroup;
			children = (
				F3CE1BCA2B6D3E6500463130 /* TodoList */,
				F3CE1BAE2B6D391100463130 /* HomeManager */,
				F3CE1B5B2B6D206300463130 /* History */,
				F3CE1B372B6D17BD00463130 /* Home */,
				F3CE1AA72B6D0D4E00463130 /* Login */,
				F3CE1A7B2B6CF0BD00463130 /* UserProfileView */,
				F3CE1A762B6CEF4D00463130 /* UserProfileEditView */,
				F332F0482B4C5A1800F0CDD0 /* Utils */,
				F332F0452B4C59E900F0CDD0 /* ContentView */,
			);
			path = Presentation;
			sourceTree = "<group>";
		};
		F332F0452B4C59E900F0CDD0 /* ContentView */ = {
			isa = PBXGroup;
			children = (
				F332F0472B4C59FB00F0CDD0 /* ViewModel */,
				F332F0462B4C59F800F0CDD0 /* View */,
			);
			path = ContentView;
			sourceTree = "<group>";
		};
		F332F0462B4C59F800F0CDD0 /* View */ = {
			isa = PBXGroup;
			children = (
				F332F01A2B4C599000F0CDD0 /* ContentView.swift */,
			);
			path = View;
			sourceTree = "<group>";
		};
		F332F0472B4C59FB00F0CDD0 /* ViewModel */ = {
			isa = PBXGroup;
			children = (
				F332F04C2B4C5A4000F0CDD0 /* ContentViewModel.swift */,
			);
			path = ViewModel;
			sourceTree = "<group>";
		};
		F332F0482B4C5A1800F0CDD0 /* Utils */ = {
			isa = PBXGroup;
			children = (
				F3CE1BC12B6D395C00463130 /* CircleCheckButton.swift */,
				F3CE1BC42B6D395C00463130 /* CircleFillButton.swift */,
				F3CE1BC02B6D395C00463130 /* CirclePlusButton.swift */,
				F3CE1BC22B6D395C00463130 /* DropDownPicker.swift */,
				F3CE1BC32B6D395C00463130 /* SettingBackButton.swift */,
				F332F04E2B4C5A4700F0CDD0 /* Extension */,
				F332F0492B4C5A2E00F0CDD0 /* DummyUtilView.swift */,
			);
			path = Utils;
			sourceTree = "<group>";
		};
		F332F04E2B4C5A4700F0CDD0 /* Extension */ = {
			isa = PBXGroup;
			children = (
				F332F04F2B4C5A5800F0CDD0 /* Extension+View.swift */,
			);
			path = Extension;
			sourceTree = "<group>";
		};
		F332F0512B4C5A6300F0CDD0 /* Domain */ = {
			isa = PBXGroup;
			children = (
				F332F0522B4C5A7000F0CDD0 /* Entities */,
			);
			path = Domain;
			sourceTree = "<group>";
		};
		F332F0522B4C5A7000F0CDD0 /* Entities */ = {
			isa = PBXGroup;
			children = (
				F3CE1B502B6D189000463130 /* AnnouncementInfo.swift */,
				F3CE1B512B6D189000463130 /* CalendarTask.swift */,
				F3CE1B522B6D189000463130 /* DateValue.swift */,
				F332F0542B4C5A7D00F0CDD0 /* Member.swift */,
				F3CE1BBB2B6D393E00463130 /* ManagerModel.swift */,
			);
			path = Entities;
			sourceTree = "<group>";
		};
		F332F0562B4C5A8E00F0CDD0 /* Data */ = {
			isa = PBXGroup;
			children = (
				F332F05F2B4C5AD700F0CDD0 /* PersistentStroage */,
				F332F0572B4C5A9200F0CDD0 /* Network */,
			);
			path = Data;
			sourceTree = "<group>";
		};
		F332F0572B4C5A9200F0CDD0 /* Network */ = {
			isa = PBXGroup;
			children = (
				F332F0582B4C5AA600F0CDD0 /* DataMapping */,
				F332F05D2B4C5AD000F0CDD0 /* APiEndpoints.swift */,
			);
			path = Network;
			sourceTree = "<group>";
		};
		F332F0582B4C5AA600F0CDD0 /* DataMapping */ = {
			isa = PBXGroup;
			children = (
				F332F0592B4C5AB600F0CDD0 /* MemberRequestDTO.swift */,
				F332F05B2B4C5AC200F0CDD0 /* MemberResponseDTO.swift */,
			);
			path = DataMapping;
			sourceTree = "<group>";
		};
		F332F05F2B4C5AD700F0CDD0 /* PersistentStroage */ = {
			isa = PBXGroup;
			children = (
				F332F0602B4C5AE800F0CDD0 /* ResponseStorage */,
			);
			path = PersistentStroage;
			sourceTree = "<group>";
		};
		F332F0602B4C5AE800F0CDD0 /* ResponseStorage */ = {
			isa = PBXGroup;
			children = (
				F332F0612B4C5AF800F0CDD0 /* DummyResponseRepository.swift */,
			);
			path = ResponseStorage;
			sourceTree = "<group>";
		};
		F391AD812B6E2FCF006ECF1D /* View */ = {
			isa = PBXGroup;
			children = (
				F391AD842B6E2FD5006ECF1D /* ToDoEditSecondActionSheet.swift */,
				F391AD852B6E2FD5006ECF1D /* ToDoDate.swift */,
				F391AD892B6E2FD5006ECF1D /* ToDoEditFirstActionSheet.swift */,
				F391AD822B6E2FD5006ECF1D /* ToDoEditSheet.swift */,
				F391AD862B6E2FD5006ECF1D /* ToDoList.swift */,
				F391AD872B6E2FD5006ECF1D /* ToDoListAdd.swift */,
				F391AD882B6E2FD5006ECF1D /* ToDoListCell.swift */,
				F391AD832B6E2FD5006ECF1D /* ToDoListUI.swift */,
			);
			path = View;
			sourceTree = "<group>";
		};
		F391AD922B6E2FD6006ECF1D /* Viewmodel */ = {
			isa = PBXGroup;
			children = (
			);
			path = Viewmodel;
			sourceTree = "<group>";
		};
		F3CE1A762B6CEF4D00463130 /* UserProfileEditView */ = {
			isa = PBXGroup;
			children = (
				F3CE1A782B6CEF8E00463130 /* ViewModel */,
				F3CE1A772B6CEF6B00463130 /* View */,
			);
			path = UserProfileEditView;
			sourceTree = "<group>";
		};
		F3CE1A772B6CEF6B00463130 /* View */ = {
			isa = PBXGroup;
			children = (
				F3CE1A792B6CEFCF00463130 /* SocialButtonSet.swift */,
				F3CE1A812B6CF29700463130 /* UserProfileEdit.swift */,
			);
			path = View;
			sourceTree = "<group>";
		};
		F3CE1A782B6CEF8E00463130 /* ViewModel */ = {
			isa = PBXGroup;
			children = (
			);
			path = ViewModel;
			sourceTree = "<group>";
		};
		F3CE1A7B2B6CF0BD00463130 /* UserProfileView */ = {
			isa = PBXGroup;
			children = (
				F3CE1A7D2B6CF0C500463130 /* ViewModel */,
				F3CE1A7C2B6CF0C200463130 /* View */,
			);
			path = UserProfileView;
			sourceTree = "<group>";
		};
		F3CE1A7C2B6CF0C200463130 /* View */ = {
			isa = PBXGroup;
			children = (
				F3CE1A832B6CF2D900463130 /* UserProfileView.swift */,
			);
			path = View;
			sourceTree = "<group>";
		};
		F3CE1A7D2B6CF0C500463130 /* ViewModel */ = {
			isa = PBXGroup;
			children = (
			);
			path = ViewModel;
			sourceTree = "<group>";
		};
		F3CE1AA72B6D0D4E00463130 /* Login */ = {
			isa = PBXGroup;
			children = (
				F3CE1AB72B6D0D7000463130 /* Helper */,
				F3CE1AAC2B6D0D7000463130 /* JoinView */,
				F3CE1AB52B6D0D7000463130 /* ViewModel */,
				F3CE1AAA2B6D0D5B00463130 /* LoginView.swift */,
			);
			path = Login;
			sourceTree = "<group>";
		};
		F3CE1AAC2B6D0D7000463130 /* JoinView */ = {
			isa = PBXGroup;
			children = (
				F3CE1AAD2B6D0D7000463130 /* SelectUniv.swift */,
				F3CE1AAE2B6D0D7000463130 /* JoinAgreement.swift */,
				F3CE1AAF2B6D0D7000463130 /* SelectGeneration.swift */,
				F3CE1AB02B6D0D7000463130 /* JoinCode.swift */,
				F3CE1AB12B6D0D7000463130 /* JoinName.swift */,
				F3CE1AB22B6D0D7000463130 /* SelectParts.swift */,
				F3CE1AB32B6D0D7000463130 /* SelectPosition.swift */,
				F3CE1AB42B6D0D7000463130 /* JoinNickname.swift */,
			);
			path = JoinView;
			sourceTree = "<group>";
		};
		F3CE1AB52B6D0D7000463130 /* ViewModel */ = {
			isa = PBXGroup;
			children = (
				F3CE1AB62B6D0D7000463130 /* JoinViewModel.swift */,
			);
			path = ViewModel;
			sourceTree = "<group>";
		};
		F3CE1AB72B6D0D7000463130 /* Helper */ = {
			isa = PBXGroup;
			children = (
				F3CE1AB82B6D0D7000463130 /* JoinAgreCircleCheckButton.swift */,
				F3CE1ABA2B6D0D7000463130 /* JoinNavigationButton.swift */,
				F3CE1ABB2B6D0D7000463130 /* JoinCircleBorderButton.swift */,
				F3CE1ABC2B6D0D7000463130 /* JoinTextFieldStyle.swift */,
			);
			path = Helper;
			sourceTree = "<group>";
		};
		F3CE1B372B6D17BD00463130 /* Home */ = {
			isa = PBXGroup;
			children = (
				F3CE1B4D2B6D184E00463130 /* ViewModel */,
				F3CE1B382B6D17C700463130 /* View */,
			);
			path = Home;
			sourceTree = "<group>";
		};
		F3CE1B382B6D17C700463130 /* View */ = {
			isa = PBXGroup;
			children = (
				F3CE1B3A2B6D17D000463130 /* AnnouncementView.swift */,
				F3CE1B3C2B6D17D000463130 /* GitHubView.swift */,
				F3CE1B412B6D17D000463130 /* HomeNavigationBarView.swift */,
				F3CE1B3E2B6D17D000463130 /* HomeView.swift */,
				F3CE1B392B6D17D000463130 /* MainCalendarView.swift */,
				F3CE1B3F2B6D17D000463130 /* MascotView.swift */,
				F3CE1B422B6D17D000463130 /* RankView.swift */,
				F3CE1B3D2B6D17D000463130 /* TodayILearnedView.swift */,
				F3CE1B402B6D17D000463130 /* ToDoListView.swift */,
				F3CE1B3B2B6D17D000463130 /* UserInformationView.swift */,
			);
			path = View;
			sourceTree = "<group>";
		};
		F3CE1B4D2B6D184E00463130 /* ViewModel */ = {
			isa = PBXGroup;
			children = (
				F3CE1B4E2B6D185900463130 /* HomeViewModel.swift */,
			);
			path = ViewModel;
			sourceTree = "<group>";
		};
		F3CE1B5B2B6D206300463130 /* History */ = {
			isa = PBXGroup;
			children = (
				F3CE1B5C2B6D206300463130 /* HistoryMain */,
				F3CE1B632B6D206300463130 /* HistorySearch */,
				F3CE1B652B6D206300463130 /* HistoryRegister */,
			);
			path = History;
			sourceTree = "<group>";
		};
		F3CE1B5C2B6D206300463130 /* HistoryMain */ = {
			isa = PBXGroup;
			children = (
				F3CE1B5D2B6D206300463130 /* HistorySearchBarView.swift */,
				F3CE1B5E2B6D206300463130 /* ProjectTypeButtonView.swift */,
				F3CE1B5F2B6D206300463130 /* HistoryProjectView.swift */,
				F3CE1B602B6D206300463130 /* HistoryView.swift */,
				F3CE1B612B6D206300463130 /* HistoryProjectListView.swift */,
				F3CE1B622B6D206300463130 /* HotProjectView.swift */,
			);
			path = HistoryMain;
			sourceTree = "<group>";
		};
		F3CE1B632B6D206300463130 /* HistorySearch */ = {
			isa = PBXGroup;
			children = (
				F3CE1B642B6D206300463130 /* HistorySearchView.swift */,
			);
			path = HistorySearch;
			sourceTree = "<group>";
		};
		F3CE1B652B6D206300463130 /* HistoryRegister */ = {
			isa = PBXGroup;
			children = (
				F3CE1B662B6D206300463130 /* HistoryRegisterView.swift */,
				F3CE1B672B6D206300463130 /* HistoryRegisterNavigationBarView.swift */,
				F3CE1B682B6D206300463130 /* ProjectIconRegisterView.swift */,
				F3CE1B692B6D206300463130 /* ProjectClassificationView.swift */,
				F3CE1B6A2B6D206300463130 /* ProjectHashtagRegisterView.swift */,
				F3CE1B6B2B6D206300463130 /* ProjectCardinalNumberView.swift */,
				F3CE1B6C2B6D206300463130 /* ProjectInformationRegisterView.swift */,
				F3CE1B6D2B6D206300463130 /* ProjectNameRegisterView.swift */,
			);
			path = HistoryRegister;
			sourceTree = "<group>";
		};
		F3CE1BAE2B6D391100463130 /* HomeManager */ = {
			isa = PBXGroup;
			children = (
				F3CE1BBD2B6D394C00463130 /* Helper */,
				F3CE1BB02B6D392000463130 /* ViewModel */,
				F3CE1BAF2B6D391C00463130 /* View */,
			);
			path = HomeManager;
			sourceTree = "<group>";
		};
		F3CE1BAF2B6D391C00463130 /* View */ = {
			isa = PBXGroup;
			children = (
				F3CE1BB22B6D392D00463130 /* ManagerCalender.swift */,
				F3CE1BB42B6D392D00463130 /* ManagerInfo.swift */,
				F3CE1BB32B6D392D00463130 /* ManagerPin.swift */,
				F3CE1BB12B6D392D00463130 /* ManagerSetting.swift */,
			);
			path = View;
			sourceTree = "<group>";
		};
		F3CE1BB02B6D392000463130 /* ViewModel */ = {
			isa = PBXGroup;
			children = (
				F3CE1BB92B6D393B00463130 /* GenerationPartViewModel.swift */,
			);
			path = ViewModel;
			sourceTree = "<group>";
		};
		F3CE1BBD2B6D394C00463130 /* Helper */ = {
			isa = PBXGroup;
			children = (
				F3CE1BBE2B6D394C00463130 /* ManagerPinButton.swift */,
			);
			path = Helper;
			sourceTree = "<group>";
		};
		F3CE1BCA2B6D3E6500463130 /* TodoList */ = {
			isa = PBXGroup;
			children = (
				F391AD922B6E2FD6006ECF1D /* Viewmodel */,
				F391AD812B6E2FCF006ECF1D /* View */,
			);
			path = TodoList;
			sourceTree = "<group>";
		};
/* End PBXGroup section */

/* Begin PBXNativeTarget section */
		F332F0142B4C599000F0CDD0 /* UMC-iOS */ = {
			isa = PBXNativeTarget;
			buildConfigurationList = F332F0392B4C599100F0CDD0 /* Build configuration list for PBXNativeTarget "UMC-iOS" */;
			buildPhases = (
				F332F0112B4C599000F0CDD0 /* Sources */,
				F332F0122B4C599000F0CDD0 /* Frameworks */,
				F332F0132B4C599000F0CDD0 /* Resources */,
			);
			buildRules = (
			);
			dependencies = (
			);
			name = "UMC-iOS";
			packageProductDependencies = (
				F3CE1B572B6D1B1A00463130 /* PopupView */,
			);
			productName = "UMC-iOS";
			productReference = F332F0152B4C599000F0CDD0 /* UMC-iOS.app */;
			productType = "com.apple.product-type.application";
		};
		F332F0242B4C599100F0CDD0 /* UMC-iOSTests */ = {
			isa = PBXNativeTarget;
			buildConfigurationList = F332F03C2B4C599100F0CDD0 /* Build configuration list for PBXNativeTarget "UMC-iOSTests" */;
			buildPhases = (
				F332F0212B4C599100F0CDD0 /* Sources */,
				F332F0222B4C599100F0CDD0 /* Frameworks */,
				F332F0232B4C599100F0CDD0 /* Resources */,
			);
			buildRules = (
			);
			dependencies = (
				F332F0272B4C599100F0CDD0 /* PBXTargetDependency */,
			);
			name = "UMC-iOSTests";
			productName = "UMC-iOSTests";
			productReference = F332F0252B4C599100F0CDD0 /* UMC-iOSTests.xctest */;
			productType = "com.apple.product-type.bundle.unit-test";
		};
		F332F02E2B4C599100F0CDD0 /* UMC-iOSUITests */ = {
			isa = PBXNativeTarget;
			buildConfigurationList = F332F03F2B4C599100F0CDD0 /* Build configuration list for PBXNativeTarget "UMC-iOSUITests" */;
			buildPhases = (
				F332F02B2B4C599100F0CDD0 /* Sources */,
				F332F02C2B4C599100F0CDD0 /* Frameworks */,
				F332F02D2B4C599100F0CDD0 /* Resources */,
			);
			buildRules = (
			);
			dependencies = (
				F332F0312B4C599100F0CDD0 /* PBXTargetDependency */,
			);
			name = "UMC-iOSUITests";
			productName = "UMC-iOSUITests";
			productReference = F332F02F2B4C599100F0CDD0 /* UMC-iOSUITests.xctest */;
			productType = "com.apple.product-type.bundle.ui-testing";
		};
/* End PBXNativeTarget section */

/* Begin PBXProject section */
		F332F00D2B4C599000F0CDD0 /* Project object */ = {
			isa = PBXProject;
			attributes = {
				BuildIndependentTargetsInParallel = 1;
				LastSwiftUpdateCheck = 1510;
				LastUpgradeCheck = 1510;
				TargetAttributes = {
					F332F0142B4C599000F0CDD0 = {
						CreatedOnToolsVersion = 15.1;
					};
					F332F0242B4C599100F0CDD0 = {
						CreatedOnToolsVersion = 15.1;
						TestTargetID = F332F0142B4C599000F0CDD0;
					};
					F332F02E2B4C599100F0CDD0 = {
						CreatedOnToolsVersion = 15.1;
						TestTargetID = F332F0142B4C599000F0CDD0;
					};
				};
			};
			buildConfigurationList = F332F0102B4C599000F0CDD0 /* Build configuration list for PBXProject "UMC-iOS" */;
			compatibilityVersion = "Xcode 14.0";
			developmentRegion = en;
			hasScannedForEncodings = 0;
			knownRegions = (
				en,
				Base,
			);
			mainGroup = F332F00C2B4C599000F0CDD0;
			packageReferences = (
				F3CE1B562B6D1B1A00463130 /* XCRemoteSwiftPackageReference "PopupView" */,
			);
			productRefGroup = F332F0162B4C599000F0CDD0 /* Products */;
			projectDirPath = "";
			projectRoot = "";
			targets = (
				F332F0142B4C599000F0CDD0 /* UMC-iOS */,
				F332F0242B4C599100F0CDD0 /* UMC-iOSTests */,
				F332F02E2B4C599100F0CDD0 /* UMC-iOSUITests */,
			);
		};
/* End PBXProject section */

/* Begin PBXResourcesBuildPhase section */
		F332F0132B4C599000F0CDD0 /* Resources */ = {
			isa = PBXResourcesBuildPhase;
			buildActionMask = 2147483647;
			files = (
				F332F0202B4C599100F0CDD0 /* Preview Assets.xcassets in Resources */,
				F332F01D2B4C599100F0CDD0 /* Assets.xcassets in Resources */,
			);
			runOnlyForDeploymentPostprocessing = 0;
		};
		F332F0232B4C599100F0CDD0 /* Resources */ = {
			isa = PBXResourcesBuildPhase;
			buildActionMask = 2147483647;
			files = (
			);
			runOnlyForDeploymentPostprocessing = 0;
		};
		F332F02D2B4C599100F0CDD0 /* Resources */ = {
			isa = PBXResourcesBuildPhase;
			buildActionMask = 2147483647;
			files = (
			);
			runOnlyForDeploymentPostprocessing = 0;
		};
/* End PBXResourcesBuildPhase section */

/* Begin PBXSourcesBuildPhase section */
		F332F0112B4C599000F0CDD0 /* Sources */ = {
			isa = PBXSourcesBuildPhase;
			buildActionMask = 2147483647;
			files = (
				F391AD8E2B6E2FD5006ECF1D /* ToDoList.swift in Sources */,
				F332F05C2B4C5AC200F0CDD0 /* MemberResponseDTO.swift in Sources */,
				F3CE1B472B6D17D000463130 /* TodayILearnedView.swift in Sources */,
				F3CE1AC82B6D0D7000463130 /* JoinNavigationButton.swift in Sources */,
				F3CE1A7A2B6CEFCF00463130 /* SocialButtonSet.swift in Sources */,
				F3CE1B782B6D206300463130 /* ProjectClassificationView.swift in Sources */,
				F3CE1AC02B6D0D7000463130 /* JoinCode.swift in Sources */,
				F3CE1B482B6D17D000463130 /* HomeView.swift in Sources */,
				F3CE1BBA2B6D393B00463130 /* GenerationPartViewModel.swift in Sources */,
				F332F04D2B4C5A4000F0CDD0 /* ContentViewModel.swift in Sources */,
				F3CE1ABD2B6D0D7000463130 /* SelectUniv.swift in Sources */,
				F3CE1B532B6D189000463130 /* AnnouncementInfo.swift in Sources */,
				F3CE1AC32B6D0D7000463130 /* SelectPosition.swift in Sources */,
				F3CE1AAB2B6D0D5B00463130 /* LoginView.swift in Sources */,
				F332F0552B4C5A7D00F0CDD0 /* Member.swift in Sources */,
				F3CE1B462B6D17D000463130 /* GitHubView.swift in Sources */,
				F3CE1BBF2B6D394C00463130 /* ManagerPinButton.swift in Sources */,
				F3CE1BC62B6D395C00463130 /* CircleCheckButton.swift in Sources */,
				F3CE1B542B6D189000463130 /* CalendarTask.swift in Sources */,
				F3CE1ABE2B6D0D7000463130 /* JoinAgreement.swift in Sources */,
				F391AD912B6E2FD5006ECF1D /* ToDoEditFirstActionSheet.swift in Sources */,
				F3CE1BB62B6D392D00463130 /* ManagerCalender.swift in Sources */,
				F332F01B2B4C599000F0CDD0 /* ContentView.swift in Sources */,
				F391AD8D2B6E2FD5006ECF1D /* ToDoDate.swift in Sources */,
				F391AD8B2B6E2FD5006ECF1D /* ToDoListUI.swift in Sources */,
				F3CE1AC52B6D0D7000463130 /* JoinViewModel.swift in Sources */,
				F3CE1AC92B6D0D7000463130 /* JoinCircleBorderButton.swift in Sources */,
				F3CE1B762B6D206300463130 /* HistoryRegisterNavigationBarView.swift in Sources */,
				F332F0502B4C5A5800F0CDD0 /* Extension+View.swift in Sources */,
				F3CE1BC92B6D395C00463130 /* CircleFillButton.swift in Sources */,
				F332F05E2B4C5AD000F0CDD0 /* APiEndpoints.swift in Sources */,
				F3CE1B752B6D206300463130 /* HistoryRegisterView.swift in Sources */,
				F3CE1B722B6D206300463130 /* HistoryProjectListView.swift in Sources */,
				F3CE1B792B6D206300463130 /* ProjectHashtagRegisterView.swift in Sources */,
				F3CE1B702B6D206300463130 /* HistoryProjectView.swift in Sources */,
				F3CE1B772B6D206300463130 /* ProjectIconRegisterView.swift in Sources */,
				F332F04A2B4C5A2E00F0CDD0 /* DummyUtilView.swift in Sources */,
				F3CE1ACA2B6D0D7000463130 /* JoinTextFieldStyle.swift in Sources */,
				F3CE1AC42B6D0D7000463130 /* JoinNickname.swift in Sources */,
				F3CE1B492B6D17D000463130 /* MascotView.swift in Sources */,
				F391AD8F2B6E2FD5006ECF1D /* ToDoListAdd.swift in Sources */,
				F3CE1ABF2B6D0D7000463130 /* SelectGeneration.swift in Sources */,
				F3CE1B732B6D206300463130 /* HotProjectView.swift in Sources */,
				F3CE1AC12B6D0D7000463130 /* JoinName.swift in Sources */,
				F332F0192B4C599000F0CDD0 /* UMC_iOSApp.swift in Sources */,
				F3CE1B712B6D206300463130 /* HistoryView.swift in Sources */,
				F3CE1B4C2B6D17D000463130 /* RankView.swift in Sources */,
				F3CE1A822B6CF29700463130 /* UserProfileEdit.swift in Sources */,
				F332F05A2B4C5AB600F0CDD0 /* MemberRequestDTO.swift in Sources */,
				F332F0622B4C5AF800F0CDD0 /* DummyResponseRepository.swift in Sources */,
				F3CE1B442B6D17D000463130 /* AnnouncementView.swift in Sources */,
				F3CE1B552B6D189000463130 /* DateValue.swift in Sources */,
				F3CE1B6E2B6D206300463130 /* HistorySearchBarView.swift in Sources */,
				F3CE1BB72B6D392D00463130 /* ManagerPin.swift in Sources */,
				F3CE1BBC2B6D393E00463130 /* ManagerModel.swift in Sources */,
				F3CE1BB82B6D392D00463130 /* ManagerInfo.swift in Sources */,
				F3CE1BB52B6D392D00463130 /* ManagerSetting.swift in Sources */,
				F3CE1B742B6D206300463130 /* HistorySearchView.swift in Sources */,
				F3CE1B4A2B6D17D000463130 /* ToDoListView.swift in Sources */,
				F3CE1AC62B6D0D7000463130 /* JoinAgreCircleCheckButton.swift in Sources */,
				F3CE1B7A2B6D206300463130 /* ProjectCardinalNumberView.swift in Sources */,
				F3CE1BC72B6D395C00463130 /* DropDownPicker.swift in Sources */,
				F3CE1AC22B6D0D7000463130 /* SelectParts.swift in Sources */,
				F3CE1B6F2B6D206300463130 /* ProjectTypeButtonView.swift in Sources */,
				F3CE1B4F2B6D185900463130 /* HomeViewModel.swift in Sources */,
				F3CE1B452B6D17D000463130 /* UserInformationView.swift in Sources */,
				F3CE1BC82B6D395C00463130 /* SettingBackButton.swift in Sources */,
				F3CE1B7B2B6D206300463130 /* ProjectInformationRegisterView.swift in Sources */,
				F3CE1B4B2B6D17D000463130 /* HomeNavigationBarView.swift in Sources */,
				F391AD902B6E2FD5006ECF1D /* ToDoListCell.swift in Sources */,
				F391AD8C2B6E2FD5006ECF1D /* ToDoEditSecondActionSheet.swift in Sources */,
				F391AD8A2B6E2FD5006ECF1D /* ToDoEditSheet.swift in Sources */,
				F3CE1B432B6D17D000463130 /* MainCalendarView.swift in Sources */,
				F3CE1A842B6CF2D900463130 /* UserProfileView.swift in Sources */,
				F3CE1BC52B6D395C00463130 /* CirclePlusButton.swift in Sources */,
				F3CE1B7C2B6D206300463130 /* ProjectNameRegisterView.swift in Sources */,
			);
			runOnlyForDeploymentPostprocessing = 0;
		};
		F332F0212B4C599100F0CDD0 /* Sources */ = {
			isa = PBXSourcesBuildPhase;
			buildActionMask = 2147483647;
			files = (
				F332F02A2B4C599100F0CDD0 /* UMC_iOSTests.swift in Sources */,
			);
			runOnlyForDeploymentPostprocessing = 0;
		};
		F332F02B2B4C599100F0CDD0 /* Sources */ = {
			isa = PBXSourcesBuildPhase;
			buildActionMask = 2147483647;
			files = (
				F332F0362B4C599100F0CDD0 /* UMC_iOSUITestsLaunchTests.swift in Sources */,
				F332F0342B4C599100F0CDD0 /* UMC_iOSUITests.swift in Sources */,
			);
			runOnlyForDeploymentPostprocessing = 0;
		};
/* End PBXSourcesBuildPhase section */

/* Begin PBXTargetDependency section */
		F332F0272B4C599100F0CDD0 /* PBXTargetDependency */ = {
			isa = PBXTargetDependency;
			target = F332F0142B4C599000F0CDD0 /* UMC-iOS */;
			targetProxy = F332F0262B4C599100F0CDD0 /* PBXContainerItemProxy */;
		};
		F332F0312B4C599100F0CDD0 /* PBXTargetDependency */ = {
			isa = PBXTargetDependency;
			target = F332F0142B4C599000F0CDD0 /* UMC-iOS */;
			targetProxy = F332F0302B4C599100F0CDD0 /* PBXContainerItemProxy */;
		};
/* End PBXTargetDependency section */

/* Begin XCBuildConfiguration section */
		F332F0372B4C599100F0CDD0 /* Debug */ = {
			isa = XCBuildConfiguration;
			buildSettings = {
				ALWAYS_SEARCH_USER_PATHS = NO;
				ASSETCATALOG_COMPILER_GENERATE_SWIFT_ASSET_SYMBOL_EXTENSIONS = YES;
				CLANG_ANALYZER_NONNULL = YES;
				CLANG_ANALYZER_NUMBER_OBJECT_CONVERSION = YES_AGGRESSIVE;
				CLANG_CXX_LANGUAGE_STANDARD = "gnu++20";
				CLANG_ENABLE_MODULES = YES;
				CLANG_ENABLE_OBJC_ARC = YES;
				CLANG_ENABLE_OBJC_WEAK = YES;
				CLANG_WARN_BLOCK_CAPTURE_AUTORELEASING = YES;
				CLANG_WARN_BOOL_CONVERSION = YES;
				CLANG_WARN_COMMA = YES;
				CLANG_WARN_CONSTANT_CONVERSION = YES;
				CLANG_WARN_DEPRECATED_OBJC_IMPLEMENTATIONS = YES;
				CLANG_WARN_DIRECT_OBJC_ISA_USAGE = YES_ERROR;
				CLANG_WARN_DOCUMENTATION_COMMENTS = YES;
				CLANG_WARN_EMPTY_BODY = YES;
				CLANG_WARN_ENUM_CONVERSION = YES;
				CLANG_WARN_INFINITE_RECURSION = YES;
				CLANG_WARN_INT_CONVERSION = YES;
				CLANG_WARN_NON_LITERAL_NULL_CONVERSION = YES;
				CLANG_WARN_OBJC_IMPLICIT_RETAIN_SELF = YES;
				CLANG_WARN_OBJC_LITERAL_CONVERSION = YES;
				CLANG_WARN_OBJC_ROOT_CLASS = YES_ERROR;
				CLANG_WARN_QUOTED_INCLUDE_IN_FRAMEWORK_HEADER = YES;
				CLANG_WARN_RANGE_LOOP_ANALYSIS = YES;
				CLANG_WARN_STRICT_PROTOTYPES = YES;
				CLANG_WARN_SUSPICIOUS_MOVE = YES;
				CLANG_WARN_UNGUARDED_AVAILABILITY = YES_AGGRESSIVE;
				CLANG_WARN_UNREACHABLE_CODE = YES;
				CLANG_WARN__DUPLICATE_METHOD_MATCH = YES;
				COPY_PHASE_STRIP = NO;
				DEBUG_INFORMATION_FORMAT = dwarf;
				ENABLE_STRICT_OBJC_MSGSEND = YES;
				ENABLE_TESTABILITY = YES;
				ENABLE_USER_SCRIPT_SANDBOXING = YES;
				GCC_C_LANGUAGE_STANDARD = gnu17;
				GCC_DYNAMIC_NO_PIC = NO;
				GCC_NO_COMMON_BLOCKS = YES;
				GCC_OPTIMIZATION_LEVEL = 0;
				GCC_PREPROCESSOR_DEFINITIONS = (
					"DEBUG=1",
					"$(inherited)",
				);
				GCC_WARN_64_TO_32_BIT_CONVERSION = YES;
				GCC_WARN_ABOUT_RETURN_TYPE = YES_ERROR;
				GCC_WARN_UNDECLARED_SELECTOR = YES;
				GCC_WARN_UNINITIALIZED_AUTOS = YES_AGGRESSIVE;
				GCC_WARN_UNUSED_FUNCTION = YES;
				GCC_WARN_UNUSED_VARIABLE = YES;
				IPHONEOS_DEPLOYMENT_TARGET = 17.2;
				LOCALIZATION_PREFERS_STRING_CATALOGS = YES;
				MTL_ENABLE_DEBUG_INFO = INCLUDE_SOURCE;
				MTL_FAST_MATH = YES;
				ONLY_ACTIVE_ARCH = YES;
				SDKROOT = iphoneos;
				SWIFT_ACTIVE_COMPILATION_CONDITIONS = "DEBUG $(inherited)";
				SWIFT_OPTIMIZATION_LEVEL = "-Onone";
			};
			name = Debug;
		};
		F332F0382B4C599100F0CDD0 /* Release */ = {
			isa = XCBuildConfiguration;
			buildSettings = {
				ALWAYS_SEARCH_USER_PATHS = NO;
				ASSETCATALOG_COMPILER_GENERATE_SWIFT_ASSET_SYMBOL_EXTENSIONS = YES;
				CLANG_ANALYZER_NONNULL = YES;
				CLANG_ANALYZER_NUMBER_OBJECT_CONVERSION = YES_AGGRESSIVE;
				CLANG_CXX_LANGUAGE_STANDARD = "gnu++20";
				CLANG_ENABLE_MODULES = YES;
				CLANG_ENABLE_OBJC_ARC = YES;
				CLANG_ENABLE_OBJC_WEAK = YES;
				CLANG_WARN_BLOCK_CAPTURE_AUTORELEASING = YES;
				CLANG_WARN_BOOL_CONVERSION = YES;
				CLANG_WARN_COMMA = YES;
				CLANG_WARN_CONSTANT_CONVERSION = YES;
				CLANG_WARN_DEPRECATED_OBJC_IMPLEMENTATIONS = YES;
				CLANG_WARN_DIRECT_OBJC_ISA_USAGE = YES_ERROR;
				CLANG_WARN_DOCUMENTATION_COMMENTS = YES;
				CLANG_WARN_EMPTY_BODY = YES;
				CLANG_WARN_ENUM_CONVERSION = YES;
				CLANG_WARN_INFINITE_RECURSION = YES;
				CLANG_WARN_INT_CONVERSION = YES;
				CLANG_WARN_NON_LITERAL_NULL_CONVERSION = YES;
				CLANG_WARN_OBJC_IMPLICIT_RETAIN_SELF = YES;
				CLANG_WARN_OBJC_LITERAL_CONVERSION = YES;
				CLANG_WARN_OBJC_ROOT_CLASS = YES_ERROR;
				CLANG_WARN_QUOTED_INCLUDE_IN_FRAMEWORK_HEADER = YES;
				CLANG_WARN_RANGE_LOOP_ANALYSIS = YES;
				CLANG_WARN_STRICT_PROTOTYPES = YES;
				CLANG_WARN_SUSPICIOUS_MOVE = YES;
				CLANG_WARN_UNGUARDED_AVAILABILITY = YES_AGGRESSIVE;
				CLANG_WARN_UNREACHABLE_CODE = YES;
				CLANG_WARN__DUPLICATE_METHOD_MATCH = YES;
				COPY_PHASE_STRIP = NO;
				DEBUG_INFORMATION_FORMAT = "dwarf-with-dsym";
				ENABLE_NS_ASSERTIONS = NO;
				ENABLE_STRICT_OBJC_MSGSEND = YES;
				ENABLE_USER_SCRIPT_SANDBOXING = YES;
				GCC_C_LANGUAGE_STANDARD = gnu17;
				GCC_NO_COMMON_BLOCKS = YES;
				GCC_WARN_64_TO_32_BIT_CONVERSION = YES;
				GCC_WARN_ABOUT_RETURN_TYPE = YES_ERROR;
				GCC_WARN_UNDECLARED_SELECTOR = YES;
				GCC_WARN_UNINITIALIZED_AUTOS = YES_AGGRESSIVE;
				GCC_WARN_UNUSED_FUNCTION = YES;
				GCC_WARN_UNUSED_VARIABLE = YES;
				IPHONEOS_DEPLOYMENT_TARGET = 17.2;
				LOCALIZATION_PREFERS_STRING_CATALOGS = YES;
				MTL_ENABLE_DEBUG_INFO = NO;
				MTL_FAST_MATH = YES;
				SDKROOT = iphoneos;
				SWIFT_COMPILATION_MODE = wholemodule;
				VALIDATE_PRODUCT = YES;
			};
			name = Release;
		};
		F332F03A2B4C599100F0CDD0 /* Debug */ = {
			isa = XCBuildConfiguration;
			buildSettings = {
				ASSETCATALOG_COMPILER_APPICON_NAME = AppIcon;
				ASSETCATALOG_COMPILER_GLOBAL_ACCENT_COLOR_NAME = AccentColor;
				CODE_SIGN_STYLE = Automatic;
				CURRENT_PROJECT_VERSION = 1;
				DEVELOPMENT_ASSET_PATHS = "\"UMC-iOS/Preview Content\"";
				ENABLE_PREVIEWS = YES;
				GENERATE_INFOPLIST_FILE = YES;
				INFOPLIST_KEY_UIApplicationSceneManifest_Generation = YES;
				INFOPLIST_KEY_UIApplicationSupportsIndirectInputEvents = YES;
				INFOPLIST_KEY_UILaunchScreen_Generation = YES;
				INFOPLIST_KEY_UISupportedInterfaceOrientations_iPad = "UIInterfaceOrientationPortrait UIInterfaceOrientationPortraitUpsideDown UIInterfaceOrientationLandscapeLeft UIInterfaceOrientationLandscapeRight";
				INFOPLIST_KEY_UISupportedInterfaceOrientations_iPhone = "UIInterfaceOrientationPortrait UIInterfaceOrientationLandscapeLeft UIInterfaceOrientationLandscapeRight";
				LD_RUNPATH_SEARCH_PATHS = (
					"$(inherited)",
					"@executable_path/Frameworks",
				);
				MARKETING_VERSION = 1.0;
				PRODUCT_BUNDLE_IDENTIFIER = "com.kyungsoo.UMC-iOS";
				PRODUCT_NAME = "$(TARGET_NAME)";
				SWIFT_EMIT_LOC_STRINGS = YES;
				SWIFT_VERSION = 5.0;
				TARGETED_DEVICE_FAMILY = "1,2";
			};
			name = Debug;
		};
		F332F03B2B4C599100F0CDD0 /* Release */ = {
			isa = XCBuildConfiguration;
			buildSettings = {
				ASSETCATALOG_COMPILER_APPICON_NAME = AppIcon;
				ASSETCATALOG_COMPILER_GLOBAL_ACCENT_COLOR_NAME = AccentColor;
				CODE_SIGN_STYLE = Automatic;
				CURRENT_PROJECT_VERSION = 1;
				DEVELOPMENT_ASSET_PATHS = "\"UMC-iOS/Preview Content\"";
				ENABLE_PREVIEWS = YES;
				GENERATE_INFOPLIST_FILE = YES;
				INFOPLIST_KEY_UIApplicationSceneManifest_Generation = YES;
				INFOPLIST_KEY_UIApplicationSupportsIndirectInputEvents = YES;
				INFOPLIST_KEY_UILaunchScreen_Generation = YES;
				INFOPLIST_KEY_UISupportedInterfaceOrientations_iPad = "UIInterfaceOrientationPortrait UIInterfaceOrientationPortraitUpsideDown UIInterfaceOrientationLandscapeLeft UIInterfaceOrientationLandscapeRight";
				INFOPLIST_KEY_UISupportedInterfaceOrientations_iPhone = "UIInterfaceOrientationPortrait UIInterfaceOrientationLandscapeLeft UIInterfaceOrientationLandscapeRight";
				LD_RUNPATH_SEARCH_PATHS = (
					"$(inherited)",
					"@executable_path/Frameworks",
				);
				MARKETING_VERSION = 1.0;
				PRODUCT_BUNDLE_IDENTIFIER = "com.kyungsoo.UMC-iOS";
				PRODUCT_NAME = "$(TARGET_NAME)";
				SWIFT_EMIT_LOC_STRINGS = YES;
				SWIFT_VERSION = 5.0;
				TARGETED_DEVICE_FAMILY = "1,2";
			};
			name = Release;
		};
		F332F03D2B4C599100F0CDD0 /* Debug */ = {
			isa = XCBuildConfiguration;
			buildSettings = {
				ALWAYS_EMBED_SWIFT_STANDARD_LIBRARIES = YES;
				BUNDLE_LOADER = "$(TEST_HOST)";
				CODE_SIGN_STYLE = Automatic;
				CURRENT_PROJECT_VERSION = 1;
				GENERATE_INFOPLIST_FILE = YES;
				IPHONEOS_DEPLOYMENT_TARGET = 17.2;
				MARKETING_VERSION = 1.0;
				PRODUCT_BUNDLE_IDENTIFIER = "com.kyungsoo.UMC-iOSTests";
				PRODUCT_NAME = "$(TARGET_NAME)";
				SWIFT_EMIT_LOC_STRINGS = NO;
				SWIFT_VERSION = 5.0;
				TARGETED_DEVICE_FAMILY = "1,2";
				TEST_HOST = "$(BUILT_PRODUCTS_DIR)/UMC-iOS.app/$(BUNDLE_EXECUTABLE_FOLDER_PATH)/UMC-iOS";
			};
			name = Debug;
		};
		F332F03E2B4C599100F0CDD0 /* Release */ = {
			isa = XCBuildConfiguration;
			buildSettings = {
				ALWAYS_EMBED_SWIFT_STANDARD_LIBRARIES = YES;
				BUNDLE_LOADER = "$(TEST_HOST)";
				CODE_SIGN_STYLE = Automatic;
				CURRENT_PROJECT_VERSION = 1;
				GENERATE_INFOPLIST_FILE = YES;
				IPHONEOS_DEPLOYMENT_TARGET = 17.2;
				MARKETING_VERSION = 1.0;
				PRODUCT_BUNDLE_IDENTIFIER = "com.kyungsoo.UMC-iOSTests";
				PRODUCT_NAME = "$(TARGET_NAME)";
				SWIFT_EMIT_LOC_STRINGS = NO;
				SWIFT_VERSION = 5.0;
				TARGETED_DEVICE_FAMILY = "1,2";
				TEST_HOST = "$(BUILT_PRODUCTS_DIR)/UMC-iOS.app/$(BUNDLE_EXECUTABLE_FOLDER_PATH)/UMC-iOS";
			};
			name = Release;
		};
		F332F0402B4C599100F0CDD0 /* Debug */ = {
			isa = XCBuildConfiguration;
			buildSettings = {
				ALWAYS_EMBED_SWIFT_STANDARD_LIBRARIES = YES;
				CODE_SIGN_STYLE = Automatic;
				CURRENT_PROJECT_VERSION = 1;
				GENERATE_INFOPLIST_FILE = YES;
				MARKETING_VERSION = 1.0;
				PRODUCT_BUNDLE_IDENTIFIER = "com.kyungsoo.UMC-iOSUITests";
				PRODUCT_NAME = "$(TARGET_NAME)";
				SWIFT_EMIT_LOC_STRINGS = NO;
				SWIFT_VERSION = 5.0;
				TARGETED_DEVICE_FAMILY = "1,2";
				TEST_TARGET_NAME = "UMC-iOS";
			};
			name = Debug;
		};
		F332F0412B4C599100F0CDD0 /* Release */ = {
			isa = XCBuildConfiguration;
			buildSettings = {
				ALWAYS_EMBED_SWIFT_STANDARD_LIBRARIES = YES;
				CODE_SIGN_STYLE = Automatic;
				CURRENT_PROJECT_VERSION = 1;
				GENERATE_INFOPLIST_FILE = YES;
				MARKETING_VERSION = 1.0;
				PRODUCT_BUNDLE_IDENTIFIER = "com.kyungsoo.UMC-iOSUITests";
				PRODUCT_NAME = "$(TARGET_NAME)";
				SWIFT_EMIT_LOC_STRINGS = NO;
				SWIFT_VERSION = 5.0;
				TARGETED_DEVICE_FAMILY = "1,2";
				TEST_TARGET_NAME = "UMC-iOS";
			};
			name = Release;
		};
/* End XCBuildConfiguration section */

/* Begin XCConfigurationList section */
		F332F0102B4C599000F0CDD0 /* Build configuration list for PBXProject "UMC-iOS" */ = {
			isa = XCConfigurationList;
			buildConfigurations = (
				F332F0372B4C599100F0CDD0 /* Debug */,
				F332F0382B4C599100F0CDD0 /* Release */,
			);
			defaultConfigurationIsVisible = 0;
			defaultConfigurationName = Release;
		};
		F332F0392B4C599100F0CDD0 /* Build configuration list for PBXNativeTarget "UMC-iOS" */ = {
			isa = XCConfigurationList;
			buildConfigurations = (
				F332F03A2B4C599100F0CDD0 /* Debug */,
				F332F03B2B4C599100F0CDD0 /* Release */,
			);
			defaultConfigurationIsVisible = 0;
			defaultConfigurationName = Release;
		};
		F332F03C2B4C599100F0CDD0 /* Build configuration list for PBXNativeTarget "UMC-iOSTests" */ = {
			isa = XCConfigurationList;
			buildConfigurations = (
				F332F03D2B4C599100F0CDD0 /* Debug */,
				F332F03E2B4C599100F0CDD0 /* Release */,
			);
			defaultConfigurationIsVisible = 0;
			defaultConfigurationName = Release;
		};
		F332F03F2B4C599100F0CDD0 /* Build configuration list for PBXNativeTarget "UMC-iOSUITests" */ = {
			isa = XCConfigurationList;
			buildConfigurations = (
				F332F0402B4C599100F0CDD0 /* Debug */,
				F332F0412B4C599100F0CDD0 /* Release */,
			);
			defaultConfigurationIsVisible = 0;
			defaultConfigurationName = Release;
		};
/* End XCConfigurationList section */

/* Begin XCRemoteSwiftPackageReference section */
		F3CE1B562B6D1B1A00463130 /* XCRemoteSwiftPackageReference "PopupView" */ = {
			isa = XCRemoteSwiftPackageReference;
			repositoryURL = "https://github.com/exyte/PopupView";
			requirement = {
				kind = upToNextMajorVersion;
				minimumVersion = 2.8.4;
			};
		};
/* End XCRemoteSwiftPackageReference section */

/* Begin XCSwiftPackageProductDependency section */
		F3CE1B572B6D1B1A00463130 /* PopupView */ = {
			isa = XCSwiftPackageProductDependency;
			package = F3CE1B562B6D1B1A00463130 /* XCRemoteSwiftPackageReference "PopupView" */;
			productName = PopupView;
		};
/* End XCSwiftPackageProductDependency section */
	};
	rootObject = F332F00D2B4C599000F0CDD0 /* Project object */;
}
